
Microsoft Visual Studio Solution File, Format Version 12.00
# Visual Studio Version 17
VisualStudioVersion = 17.4.33205.214
MinimumVisualStudioVersion = 10.0.40219.1
Project("{FAE04EC0-301F-11D3-BF4B-00C04F79EFBC}") = "Snake1", "Snake1.csproj", "{0D421E4B-DB67-446F-B409-B1A9D8A0EC96}"
EndProject
Global
	GlobalSection(SolutionConfigurationPlatforms) = preSolution
		Debug|Any CPU = Debug|Any CPU
		Release|Any CPU = Release|Any CPU
	EndGlobalSection
	GlobalSection(ProjectConfigurationPlatforms) = postSolution
		{0D421E4B-DB67-446F-B409-B1A9D8A0EC96}.Debug|Any CPU.ActiveCfg = Debug|Any CPU
		{0D421E4B-DB67-446F-B409-B1A9D8A0EC96}.Debug|Any CPU.Build.0 = Debug|Any CPU
		{0D421E4B-DB67-446F-B409-B1A9D8A0EC96}.Release|Any CPU.ActiveCfg = Release|Any CPU
		{0D421E4B-DB67-446F-B409-B1A9D8A0EC96}.Release|Any CPU.Build.0 = Release|Any CPU
	EndGlobalSection
	GlobalSection(SolutionProperties) = preSolution
		HideSolutionNode = FALSE
	EndGlobalSection
	GlobalSection(ExtensibilityGlobals) = postSolution
		SolutionGuid = {60592A2F-178C-4A2B-9D15-5759DECE8EF9}
	EndGlobalSection
EndGlobal
