
Microsoft Visual Studio Solution File, Format Version 12.00
# Visual Studio Version 17
VisualStudioVersion = 17.4.33205.214
MinimumVisualStudioVersion = 10.0.40219.1
Project("{9A19103F-16F7-4668-BE54-9A1E7A4F7556}") = "uss4", "uss4.csproj", "{8AAA5455-BC31-4B6A-A7E2-11741D9813D7}"
EndProject
Global
	GlobalSection(SolutionConfigurationPlatforms) = preSolution
		Debug|Any CPU = Debug|Any CPU
		Release|Any CPU = Release|Any CPU
	EndGlobalSection
	GlobalSection(ProjectConfigurationPlatforms) = postSolution
		{8AAA5455-BC31-4B6A-A7E2-11741D9813D7}.Debug|Any CPU.ActiveCfg = Debug|Any CPU
		{8AAA5455-BC31-4B6A-A7E2-11741D9813D7}.Debug|Any CPU.Build.0 = Debug|Any CPU
		{8AAA5455-BC31-4B6A-A7E2-11741D9813D7}.Release|Any CPU.ActiveCfg = Release|Any CPU
		{8AAA5455-BC31-4B6A-A7E2-11741D9813D7}.Release|Any CPU.Build.0 = Release|Any CPU
	EndGlobalSection
	GlobalSection(SolutionProperties) = preSolution
		HideSolutionNode = FALSE
	EndGlobalSection
	GlobalSection(ExtensibilityGlobals) = postSolution
		SolutionGuid = {273A4226-6585-49DD-A976-6A9C2D1F9D2A}
	EndGlobalSection
EndGlobal
